// !$*UTF8*$!
{
	archiveVersion = 1;
	classes = {
	};
	objectVersion = 50;
	objects = {

/* Begin PBXBuildFile section */
		4393A21426D607FF0056A134 /* AppDelegate.swift in Sources */ = {isa = PBXBuildFile; fileRef = 4393A21326D607FF0056A134 /* AppDelegate.swift */; };
		4393A21626D607FF0056A134 /* SceneDelegate.swift in Sources */ = {isa = PBXBuildFile; fileRef = 4393A21526D607FF0056A134 /* SceneDelegate.swift */; };
		4393A21826D607FF0056A134 /* ViewController.swift in Sources */ = {isa = PBXBuildFile; fileRef = 4393A21726D607FF0056A134 /* ViewController.swift */; };
		4393A21B26D607FF0056A134 /* Main.storyboard in Resources */ = {isa = PBXBuildFile; fileRef = 4393A21926D607FF0056A134 /* Main.storyboard */; };
		4393A21D26D608000056A134 /* Assets.xcassets in Resources */ = {isa = PBXBuildFile; fileRef = 4393A21C26D608000056A134 /* Assets.xcassets */; };
		4393A22026D608000056A134 /* LaunchScreen.storyboard in Resources */ = {isa = PBXBuildFile; fileRef = 4393A21E26D608000056A134 /* LaunchScreen.storyboard */; };
		4393A22C26D6094B0056A134 /* Onboarding.storyboard in Resources */ = {isa = PBXBuildFile; fileRef = 4393A22B26D6094B0056A134 /* Onboarding.storyboard */; };
		4393A22E26D619500056A134 /* WalkthroughContentViewController.swift in Sources */ = {isa = PBXBuildFile; fileRef = 4393A22D26D619500056A134 /* WalkthroughContentViewController.swift */; };
		4393A23026D61BFF0056A134 /* WalkthroughPageViewController.swift in Sources */ = {isa = PBXBuildFile; fileRef = 4393A22F26D61BFF0056A134 /* WalkthroughPageViewController.swift */; };
/* End PBXBuildFile section */

/* Begin PBXFileReference section */
		4393A21026D607FF0056A134 /* Walkthrough_sample.app */ = {isa = PBXFileReference; explicitFileType = wrapper.application; includeInIndex = 0; path = Walkthrough_sample.app; sourceTree = BUILT_PRODUCTS_DIR; };
		4393A21326D607FF0056A134 /* AppDelegate.swift */ = {isa = PBXFileReference; lastKnownFileType = sourcecode.swift; path = AppDelegate.swift; sourceTree = "<group>"; };
		4393A21526D607FF0056A134 /* SceneDelegate.swift */ = {isa = PBXFileReference; lastKnownFileType = sourcecode.swift; path = SceneDelegate.swift; sourceTree = "<group>"; };
		4393A21726D607FF0056A134 /* ViewController.swift */ = {isa = PBXFileReference; lastKnownFileType = sourcecode.swift; path = ViewController.swift; sourceTree = "<group>"; };
		4393A21A26D607FF0056A134 /* Base */ = {isa = PBXFileReference; lastKnownFileType = file.storyboard; name = Base; path = Base.lproj/Main.storyboard; sourceTree = "<group>"; };
		4393A21C26D608000056A134 /* Assets.xcassets */ = {isa = PBXFileReference; lastKnownFileType = folder.assetcatalog; path = Assets.xcassets; sourceTree = "<group>"; };
		4393A21F26D608000056A134 /* Base */ = {isa = PBXFileReference; lastKnownFileType = file.storyboard; name = Base; path = Base.lproj/LaunchScreen.storyboard; sourceTree = "<group>"; };
		4393A22126D608000056A134 /* Info.plist */ = {isa = PBXFileReference; lastKnownFileType = text.plist.xml; path = Info.plist; sourceTree = "<group>"; };
		4393A22B26D6094B0056A134 /* Onboarding.storyboard */ = {isa = PBXFileReference; lastKnownFileType = file.storyboard; path = Onboarding.storyboard; sourceTree = "<group>"; };
		4393A22D26D619500056A134 /* WalkthroughContentViewController.swift */ = {isa = PBXFileReference; lastKnownFileType = sourcecode.swift; path = WalkthroughContentViewController.swift; sourceTree = "<group>"; };
		4393A22F26D61BFF0056A134 /* WalkthroughPageViewController.swift */ = {isa = PBXFileReference; lastKnownFileType = sourcecode.swift; path = WalkthroughPageViewController.swift; sourceTree = "<group>"; };
/* End PBXFileReference section */

/* Begin PBXFrameworksBuildPhase section */
		4393A20D26D607FF0056A134 /* Frameworks */ = {
			isa = PBXFrameworksBuildPhase;
			buildActionMask = 2147483647;
			files = (
			);
			runOnlyForDeploymentPostprocessing = 0;
		};
/* End PBXFrameworksBuildPhase section */

/* Begin PBXGroup section */
		4393A20726D607FF0056A134 = {
			isa = PBXGroup;
			children = (
				4393A21226D607FF0056A134 /* Walkthrough_sample */,
				4393A21126D607FF0056A134 /* Products */,
			);
			sourceTree = "<group>";
		};
		4393A21126D607FF0056A134 /* Products */ = {
			isa = PBXGroup;
			children = (
				4393A21026D607FF0056A134 /* Walkthrough_sample.app */,
			);
			name = Products;
			sourceTree = "<group>";
		};
		4393A21226D607FF0056A134 /* Walkthrough_sample */ = {
			isa = PBXGroup;
			children = (
				4393A22A26D6088B0056A134 /* Storyboard */,
				4393A22926D6084C0056A134 /* Controller */,
				4393A22826D6083E0056A134 /* View */,
				4393A22726D608310056A134 /* Modal */,
				4393A21C26D608000056A134 /* Assets.xcassets */,
				4393A21E26D608000056A134 /* LaunchScreen.storyboard */,
				4393A22126D608000056A134 /* Info.plist */,
			);
			path = Walkthrough_sample;
			sourceTree = "<group>";
		};
		4393A22726D608310056A134 /* Modal */ = {
			isa = PBXGroup;
			children = (
				4393A21326D607FF0056A134 /* AppDelegate.swift */,
				4393A21526D607FF0056A134 /* SceneDelegate.swift */,
			);
			path = Modal;
			sourceTree = "<group>";
		};
		4393A22826D6083E0056A134 /* View */ = {
			isa = PBXGroup;
			children = (
			);
			path = View;
			sourceTree = "<group>";
		};
		4393A22926D6084C0056A134 /* Controller */ = {
			isa = PBXGroup;
			children = (
				4393A21726D607FF0056A134 /* ViewController.swift */,
				4393A22D26D619500056A134 /* WalkthroughContentViewController.swift */,
				4393A22F26D61BFF0056A134 /* WalkthroughPageViewController.swift */,
			);
			path = Controller;
			sourceTree = "<group>";
		};
		4393A22A26D6088B0056A134 /* Storyboard */ = {
			isa = PBXGroup;
			children = (
				4393A21926D607FF0056A134 /* Main.storyboard */,
				4393A22B26D6094B0056A134 /* Onboarding.storyboard */,
			);
			path = Storyboard;
			sourceTree = "<group>";
		};
/* End PBXGroup section */

/* Begin PBXNativeTarget section */
		4393A20F26D607FF0056A134 /* Walkthrough_sample */ = {
			isa = PBXNativeTarget;
			buildConfigurationList = 4393A22426D608000056A134 /* Build configuration list for PBXNativeTarget "Walkthrough_sample" */;
			buildPhases = (
				4393A20C26D607FF0056A134 /* Sources */,
				4393A20D26D607FF0056A134 /* Frameworks */,
				4393A20E26D607FF0056A134 /* Resources */,
			);
			buildRules = (
			);
			dependencies = (
			);
			name = Walkthrough_sample;
			productName = Walkthrough_sample;
			productReference = 4393A21026D607FF0056A134 /* Walkthrough_sample.app */;
			productType = "com.apple.product-type.application";
		};
/* End PBXNativeTarget section */

/* Begin PBXProject section */
		4393A20826D607FF0056A134 /* Project object */ = {
			isa = PBXProject;
			attributes = {
				LastSwiftUpdateCheck = 1250;
				LastUpgradeCheck = 1250;
				TargetAttributes = {
					4393A20F26D607FF0056A134 = {
						CreatedOnToolsVersion = 12.5.1;
					};
				};
			};
			buildConfigurationList = 4393A20B26D607FF0056A134 /* Build configuration list for PBXProject "Walkthrough_sample" */;
			compatibilityVersion = "Xcode 9.3";
			developmentRegion = en;
			hasScannedForEncodings = 0;
			knownRegions = (
				en,
				Base,
			);
			mainGroup = 4393A20726D607FF0056A134;
			productRefGroup = 4393A21126D607FF0056A134 /* Products */;
			projectDirPath = "";
			projectRoot = "";
			targets = (
				4393A20F26D607FF0056A134 /* Walkthrough_sample */,
			);
		};
/* End PBXProject section */

/* Begin PBXResourcesBuildPhase section */
		4393A20E26D607FF0056A134 /* Resources */ = {
			isa = PBXResourcesBuildPhase;
			buildActionMask = 2147483647;
			files = (
				4393A22026D608000056A134 /* LaunchScreen.storyboard in Resources */,
				4393A21D26D608000056A134 /* Assets.xcassets in Resources */,
				4393A21B26D607FF0056A134 /* Main.storyboard in Resources */,
				4393A22C26D6094B0056A134 /* Onboarding.storyboard in Resources */,
			);
			runOnlyForDeploymentPostprocessing = 0;
		};
/* End PBXResourcesBuildPhase section */

/* Begin PBXSourcesBuildPhase section */
		4393A20C26D607FF0056A134 /* Sources */ = {
			isa = PBXSourcesBuildPhase;
			buildActionMask = 2147483647;
			files = (
				4393A21826D607FF0056A134 /* ViewController.swift in Sources */,
				4393A21426D607FF0056A134 /* AppDelegate.swift in Sources */,
				4393A23026D61BFF0056A134 /* WalkthroughPageViewController.swift in Sources */,
				4393A21626D607FF0056A134 /* SceneDelegate.swift in Sources */,
				4393A22E26D619500056A134 /* WalkthroughContentViewController.swift in Sources */,
			);
			runOnlyForDeploymentPostprocessing = 0;
		};
/* End PBXSourcesBuildPhase section */

/* Begin PBXVariantGroup section */
		4393A21926D607FF0056A134 /* Main.storyboard */ = {
			isa = PBXVariantGroup;
			children = (
				4393A21A26D607FF0056A134 /* Base */,
			);
			name = Main.storyboard;
			sourceTree = "<group>";
		};
		4393A21E26D608000056A134 /* LaunchScreen.storyboard */ = {
			isa = PBXVariantGroup;
			children = (
				4393A21F26D608000056A134 /* Base */,
			);
			name = LaunchScreen.storyboard;
			sourceTree = "<group>";
		};
/* End PBXVariantGroup section */

/* Begin XCBuildConfiguration section */
		4393A22226D608000056A134 /* Debug */ = {
			isa = XCBuildConfiguration;
			buildSettings = {
				ALWAYS_SEARCH_USER_PATHS = NO;
				CLANG_ANALYZER_NONNULL = YES;
				CLANG_ANALYZER_NUMBER_OBJECT_CONVERSION = YES_AGGRESSIVE;
				CLANG_CXX_LANGUAGE_STANDARD = "gnu++14";
				CLANG_CXX_LIBRARY = "libc++";
				CLANG_ENABLE_MODULES = YES;
				CLANG_ENABLE_OBJC_ARC = YES;
				CLANG_ENABLE_OBJC_WEAK = YES;
				CLANG_WARN_BLOCK_CAPTURE_AUTORELEASING = YES;
				CLANG_WARN_BOOL_CONVERSION = YES;
				CLANG_WARN_COMMA = YES;
				CLANG_WARN_CONSTANT_CONVERSION = YES;
				CLANG_WARN_DEPRECATED_OBJC_IMPLEMENTATIONS = YES;
				CLANG_WARN_DIRECT_OBJC_ISA_USAGE = YES_ERROR;
				CLANG_WARN_DOCUMENTATION_COMMENTS = YES;
				CLANG_WARN_EMPTY_BODY = YES;
				CLANG_WARN_ENUM_CONVERSION = YES;
				CLANG_WARN_INFINITE_RECURSION = YES;
				CLANG_WARN_INT_CONVERSION = YES;
				CLANG_WARN_NON_LITERAL_NULL_CONVERSION = YES;
				CLANG_WARN_OBJC_IMPLICIT_RETAIN_SELF = YES;
				CLANG_WARN_OBJC_LITERAL_CONVERSION = YES;
				CLANG_WARN_OBJC_ROOT_CLASS = YES_ERROR;
				CLANG_WARN_QUOTED_INCLUDE_IN_FRAMEWORK_HEADER = YES;
				CLANG_WARN_RANGE_LOOP_ANALYSIS = YES;
				CLANG_WARN_STRICT_PROTOTYPES = YES;
				CLANG_WARN_SUSPICIOUS_MOVE = YES;
				CLANG_WARN_UNGUARDED_AVAILABILITY = YES_AGGRESSIVE;
				CLANG_WARN_UNREACHABLE_CODE = YES;
				CLANG_WARN__DUPLICATE_METHOD_MATCH = YES;
				COPY_PHASE_STRIP = NO;
				DEBUG_INFORMATION_FORMAT = dwarf;
				ENABLE_STRICT_OBJC_MSGSEND = YES;
				ENABLE_TESTABILITY = YES;
				GCC_C_LANGUAGE_STANDARD = gnu11;
				GCC_DYNAMIC_NO_PIC = NO;
				GCC_NO_COMMON_BLOCKS = YES;
				GCC_OPTIMIZATION_LEVEL = 0;
				GCC_PREPROCESSOR_DEFINITIONS = (
					"DEBUG=1",
					"$(inherited)",
				);
				GCC_WARN_64_TO_32_BIT_CONVERSION = YES;
				GCC_WARN_ABOUT_RETURN_TYPE = YES_ERROR;
				GCC_WARN_UNDECLARED_SELECTOR = YES;
				GCC_WARN_UNINITIALIZED_AUTOS = YES_AGGRESSIVE;
				GCC_WARN_UNUSED_FUNCTION = YES;
				GCC_WARN_UNUSED_VARIABLE = YES;
				IPHONEOS_DEPLOYMENT_TARGET = 14.5;
				MTL_ENABLE_DEBUG_INFO = INCLUDE_SOURCE;
				MTL_FAST_MATH = YES;
				ONLY_ACTIVE_ARCH = YES;
				SDKROOT = iphoneos;
				SWIFT_ACTIVE_COMPILATION_CONDITIONS = DEBUG;
				SWIFT_OPTIMIZATION_LEVEL = "-Onone";
			};
			name = Debug;
		};
		4393A22326D608000056A134 /* Release */ = {
			isa = XCBuildConfiguration;
			buildSettings = {
				ALWAYS_SEARCH_USER_PATHS = NO;
				CLANG_ANALYZER_NONNULL = YES;
				CLANG_ANALYZER_NUMBER_OBJECT_CONVERSION = YES_AGGRESSIVE;
				CLANG_CXX_LANGUAGE_STANDARD = "gnu++14";
				CLANG_CXX_LIBRARY = "libc++";
				CLANG_ENABLE_MODULES = YES;
				CLANG_ENABLE_OBJC_ARC = YES;
				CLANG_ENABLE_OBJC_WEAK = YES;
				CLANG_WARN_BLOCK_CAPTURE_AUTORELEASING = YES;
				CLANG_WARN_BOOL_CONVERSION = YES;
				CLANG_WARN_COMMA = YES;
				CLANG_WARN_CONSTANT_CONVERSION = YES;
				CLANG_WARN_DEPRECATED_OBJC_IMPLEMENTATIONS = YES;
				CLANG_WARN_DIRECT_OBJC_ISA_USAGE = YES_ERROR;
				CLANG_WARN_DOCUMENTATION_COMMENTS = YES;
				CLANG_WARN_EMPTY_BODY = YES;
				CLANG_WARN_ENUM_CONVERSION = YES;
				CLANG_WARN_INFINITE_RECURSION = YES;
				CLANG_WARN_INT_CONVERSION = YES;
				CLANG_WARN_NON_LITERAL_NULL_CONVERSION = YES;
				CLANG_WARN_OBJC_IMPLICIT_RETAIN_SELF = YES;
				CLANG_WARN_OBJC_LITERAL_CONVERSION = YES;
				CLANG_WARN_OBJC_ROOT_CLASS = YES_ERROR;
				CLANG_WARN_QUOTED_INCLUDE_IN_FRAMEWORK_HEADER = YES;
				CLANG_WARN_RANGE_LOOP_ANALYSIS = YES;
				CLANG_WARN_STRICT_PROTOTYPES = YES;
				CLANG_WARN_SUSPICIOUS_MOVE = YES;
				CLANG_WARN_UNGUARDED_AVAILABILITY = YES_AGGRESSIVE;
				CLANG_WARN_UNREACHABLE_CODE = YES;
				CLANG_WARN__DUPLICATE_METHOD_MATCH = YES;
				COPY_PHASE_STRIP = NO;
				DEBUG_INFORMATION_FORMAT = "dwarf-with-dsym";
				ENABLE_NS_ASSERTIONS = NO;
				ENABLE_STRICT_OBJC_MSGSEND = YES;
				GCC_C_LANGUAGE_STANDARD = gnu11;
				GCC_NO_COMMON_BLOCKS = YES;
				GCC_WARN_64_TO_32_BIT_CONVERSION = YES;
				GCC_WARN_ABOUT_RETURN_TYPE = YES_ERROR;
				GCC_WARN_UNDECLARED_SELECTOR = YES;
				GCC_WARN_UNINITIALIZED_AUTOS = YES_AGGRESSIVE;
				GCC_WARN_UNUSED_FUNCTION = YES;
				GCC_WARN_UNUSED_VARIABLE = YES;
				IPHONEOS_DEPLOYMENT_TARGET = 14.5;
				MTL_ENABLE_DEBUG_INFO = NO;
				MTL_FAST_MATH = YES;
				SDKROOT = iphoneos;
				SWIFT_COMPILATION_MODE = wholemodule;
				SWIFT_OPTIMIZATION_LEVEL = "-O";
				VALIDATE_PRODUCT = YES;
			};
			name = Release;
		};
		4393A22526D608000056A134 /* Debug */ = {
			isa = XCBuildConfiguration;
			buildSettings = {
				ASSETCATALOG_COMPILER_APPICON_NAME = AppIcon;
				ASSETCATALOG_COMPILER_GLOBAL_ACCENT_COLOR_NAME = AccentColor;
				CODE_SIGN_STYLE = Automatic;
				DEVELOPMENT_TEAM = 6UFY22SQMW;
				INFOPLIST_FILE = Walkthrough_sample/Info.plist;
				LD_RUNPATH_SEARCH_PATHS = (
					"$(inherited)",
					"@executable_path/Frameworks",
				);
				PRODUCT_BUNDLE_IDENTIFIER = "jisung.Walkthrough-sample";
				PRODUCT_NAME = "$(TARGET_NAME)";
				SWIFT_VERSION = 5.0;
				TARGETED_DEVICE_FAMILY = "1,2";
			};
			name = Debug;
		};
		4393A22626D608000056A134 /* Release */ = {
			isa = XCBuildConfiguration;
			buildSettings = {
				ASSETCATALOG_COMPILER_APPICON_NAME = AppIcon;
				ASSETCATALOG_COMPILER_GLOBAL_ACCENT_COLOR_NAME = AccentColor;
				CODE_SIGN_STYLE = Automatic;
				DEVELOPMENT_TEAM = 6UFY22SQMW;
				INFOPLIST_FILE = Walkthrough_sample/Info.plist;
				LD_RUNPATH_SEARCH_PATHS = (
					"$(inherited)",
					"@executable_path/Frameworks",
				);
				PRODUCT_BUNDLE_IDENTIFIER = "jisung.Walkthrough-sample";
				PRODUCT_NAME = "$(TARGET_NAME)";
				SWIFT_VERSION = 5.0;
				TARGETED_DEVICE_FAMILY = "1,2";
			};
			name = Release;
		};
/* End XCBuildConfiguration section */

/* Begin XCConfigurationList section */
		4393A20B26D607FF0056A134 /* Build configuration list for PBXProject "Walkthrough_sample" */ = {
			isa = XCConfigurationList;
			buildConfigurations = (
				4393A22226D608000056A134 /* Debug */,
				4393A22326D608000056A134 /* Release */,
			);
			defaultConfigurationIsVisible = 0;
			defaultConfigurationName = Release;
		};
		4393A22426D608000056A134 /* Build configuration list for PBXNativeTarget "Walkthrough_sample" */ = {
			isa = XCConfigurationList;
			buildConfigurations = (
				4393A22526D608000056A134 /* Debug */,
				4393A22626D608000056A134 /* Release */,
			);
			defaultConfigurationIsVisible = 0;
			defaultConfigurationName = Release;
		};
/* End XCConfigurationList section */
	};
	rootObject = 4393A20826D607FF0056A134 /* Project object */;
}
